
Microsoft Visual Studio Solution File, Format Version 12.00
# Visual Studio Version 16
VisualStudioVersion = 16.0.29613.14
MinimumVisualStudioVersion = 10.0.40219.1
Project("{FAE04EC0-301F-11D3-BF4B-00C04F79EFBC}") = "snes.graphics.demos.hdma", "snes.graphics.demos.hdma\snes.graphics.demos.hdma.csproj", "{CBDA68AF-F0D5-4652-9C9D-34749916C966}"
EndProject
Project("{FAE04EC0-301F-11D3-BF4B-00C04F79EFBC}") = "snes.graphics.demos.formulas", "snes.graphics.demos.formulas\snes.graphics.demos.formulas.csproj", "{461FE024-DC9E-4640-856A-A3162F6517B4}"
EndProject
Global
	GlobalSection(SolutionConfigurationPlatforms) = preSolution
		Debug|Any CPU = Debug|Any CPU
		Release|Any CPU = Release|Any CPU
	EndGlobalSection
	GlobalSection(ProjectConfigurationPlatforms) = postSolution
		{CBDA68AF-F0D5-4652-9C9D-34749916C966}.Debug|Any CPU.ActiveCfg = Debug|Any CPU
		{CBDA68AF-F0D5-4652-9C9D-34749916C966}.Debug|Any CPU.Build.0 = Debug|Any CPU
		{CBDA68AF-F0D5-4652-9C9D-34749916C966}.Release|Any CPU.ActiveCfg = Release|Any CPU
		{CBDA68AF-F0D5-4652-9C9D-34749916C966}.Release|Any CPU.Build.0 = Release|Any CPU
		{461FE024-DC9E-4640-856A-A3162F6517B4}.Debug|Any CPU.ActiveCfg = Debug|Any CPU
		{461FE024-DC9E-4640-856A-A3162F6517B4}.Debug|Any CPU.Build.0 = Debug|Any CPU
		{461FE024-DC9E-4640-856A-A3162F6517B4}.Release|Any CPU.ActiveCfg = Release|Any CPU
		{461FE024-DC9E-4640-856A-A3162F6517B4}.Release|Any CPU.Build.0 = Release|Any CPU
	EndGlobalSection
	GlobalSection(SolutionProperties) = preSolution
		HideSolutionNode = FALSE
	EndGlobalSection
	GlobalSection(ExtensibilityGlobals) = postSolution
		SolutionGuid = {61BEACD8-4999-42ED-B940-231715F4CE6F}
	EndGlobalSection
EndGlobal
